{
  "requires": true,
  "lockfileVersion": 1,
  "dependencies": {
    "98.css": {
      "version": "0.1.16",
      "resolved": "https://registry.npmjs.org/98.css/-/98.css-0.1.16.tgz",
      "integrity": "sha512-oRHyT905tHb0XOHa3nOjH6meDMedNwR4Jc3wYTUAykCjyFXsUGMQhxvlxuBarvLk/jmZb1Cu4YBDIXADxAt5BA=="
    }
  }
}
